{
  "name": "challenge-01",
  "lockfileVersion": 2,
  "requires": true,
  "packages": {
    "": {
      "devDependencies": {
        "senv": "^1.0.2"
      }
    },
    "node_modules/ambi": {
      "version": "2.5.0",
      "resolved": "https://registry.npmjs.org/ambi/-/ambi-2.5.0.tgz",
      "integrity": "sha512-5nS0gYMPNgZz/UALDHMStcwO42youpIWBQVbI92vV5j0+2bMxv/iVqearrLu3/f0XaU6xVIbf3RRtDxOcHxSkw==",
      "dev": true,
      "dependencies": {
        "editions": "^1.1.1",
        "typechecker": "^4.3.0"
      },
      "engines": {
        "node": ">=0.12"
      }
    },
    "node_modules/commander": {
      "version": "2.20.3",
      "resolved": "https://registry.npmjs.org/commander/-/commander-2.20.3.tgz",
      "integrity": "sha512-GpVkmM8vF2vQUkj2LvZmD35JxeJOLCwJ9cUkugyk2nuhbv3+mJvpLYYt+0+USMxE+oj+ey/lJEnhZw75x/OMcQ==",
      "dev": true
    },
    "node_modules/eachr": {
      "version": "3.3.0",
      "resolved": "https://registry.npmjs.org/eachr/-/eachr-3.3.0.tgz",
      "integrity": "sha512-yKWuGwOE283CTgbEuvqXXusLH4VBXnY2nZbDkeWev+cpAXY6zCIADSPLdvfkAROc0t8S4l07U1fateCdEDuuvg==",
      "dev": true,
      "dependencies": {
        "editions": "^2.2.0",
        "typechecker": "^4.9.0"
      },
      "engines": {
        "node": ">=0.10"
      },
      "funding": {
        "url": "https://bevry.me/fund"
      }
    },
    "node_modules/eachr/node_modules/editions": {
      "version": "2.3.1",
      "resolved": "https://registry.npmjs.org/editions/-/editions-2.3.1.tgz",
      "integrity": "sha512-ptGvkwTvGdGfC0hfhKg0MT+TRLRKGtUiWGBInxOm5pz7ssADezahjCUaYuZ8Dr+C05FW0AECIIPt4WBxVINEhA==",
      "dev": true,
      "dependencies": {
        "errlop": "^2.0.0",
        "semver": "^6.3.0"
      },
      "engines": {
        "node": ">=0.8"
      },
      "funding": {
        "url": "https://bevry.me/fund"
      }
    },
    "node_modules/editions": {
      "version": "1.3.4",
      "resolved": "https://registry.npmjs.org/editions/-/editions-1.3.4.tgz",
      "integrity": "sha512-gzao+mxnYDzIysXKMQi/+M1mjy/rjestjg6OPoYTtI+3Izp23oiGZitsl9lPDPiTGXbcSIk1iJWhliSaglxnUg==",
      "dev": true,
      "engines": {
        "node": ">=0.8"
      }
    },
    "node_modules/envfile": {
      "version": "2.3.0",
      "resolved": "https://registry.npmjs.org/envfile/-/envfile-2.3.0.tgz",
      "integrity": "sha512-xcwno0xGhSVhgBfFx9SxwYd6FNfTdq8SMFjrQ4FYsxYUNQMPJTXn7dERrX439F1V4Ukk9x/nL/5GcNZaIVUT7g==",
      "dev": true,
      "dependencies": {
        "ambi": "^2.4.0",
        "eachr": "^3.1.0",
        "editions": "^1.3.3",
        "typechecker": "^4.0.1"
      },
      "bin": {
        "envfile2json": "bin/envfile2json.js",
        "json2envfile": "bin/json2envfile.js"
      },
      "engines": {
        "node": ">=0.12"
      }
    },
    "node_modules/errlop": {
      "version": "2.2.0",
      "resolved": "https://registry.npmjs.org/errlop/-/errlop-2.2.0.tgz",
      "integrity": "sha512-e64Qj9+4aZzjzzFpZC7p5kmm/ccCrbLhAJplhsDXQFs87XTsXwOpH4s1Io2s90Tau/8r2j9f4l/thhDevRjzxw==",
      "dev": true,
      "engines": {
        "node": ">=0.8"
      },
      "funding": {
        "url": "https://bevry.me/fund"
      }
    },
    "node_modules/semver": {
      "version": "6.3.0",
      "resolved": "https://registry.npmjs.org/semver/-/semver-6.3.0.tgz",
      "integrity": "sha512-b39TBaTSfV6yBrapU89p5fKekE2m/NwnDocOVruQFS1/veMgdzuPcnOM34M6CwxW8jH/lxEa5rBoDeUwu5HHTw==",
      "dev": true,
      "bin": {
        "semver": "bin/semver.js"
      }
    },
    "node_modules/senv": {
      "version": "1.0.2",
      "resolved": "https://registry.npmjs.org/senv/-/senv-1.0.2.tgz",
      "integrity": "sha512-SGEHNMHpXjeuwFsZu04K521uNEEKwX+6JwsNlquhTGqavVKpTzesUJVt9M/fZ3r8YmA18RaNOsE/OBgeWpoP1Q==",
      "dev": true,
      "dependencies": {
        "commander": "^2.18.0",
        "envfile": "^2.3.0"
      },
      "bin": {
        "senv": "bin/senv"
      }
    },
    "node_modules/typechecker": {
      "version": "4.11.0",
      "resolved": "https://registry.npmjs.org/typechecker/-/typechecker-4.11.0.tgz",
      "integrity": "sha512-lz39Mc/d1UBcF/uQFL5P8L+oWdIn/stvkUgHf0tPRW4aEwGGErewNXo2Nb6We2WslWifn00rhcHbbRWRcTGhuw==",
      "dev": true,
      "dependencies": {
        "editions": "^2.2.0"
      },
      "engines": {
        "node": ">=0.8"
      },
      "funding": {
        "url": "https://bevry.me/fund"
      }
    },
    "node_modules/typechecker/node_modules/editions": {
      "version": "2.3.1",
      "resolved": "https://registry.npmjs.org/editions/-/editions-2.3.1.tgz",
      "integrity": "sha512-ptGvkwTvGdGfC0hfhKg0MT+TRLRKGtUiWGBInxOm5pz7ssADezahjCUaYuZ8Dr+C05FW0AECIIPt4WBxVINEhA==",
      "dev": true,
      "dependencies": {
        "errlop": "^2.0.0",
        "semver": "^6.3.0"
      },
      "engines": {
        "node": ">=0.8"
      },
      "funding": {
        "url": "https://bevry.me/fund"
      }
    }
  },
  "dependencies": {
    "ambi": {
      "version": "2.5.0",
      "resolved": "https://registry.npmjs.org/ambi/-/ambi-2.5.0.tgz",
      "integrity": "sha512-5nS0gYMPNgZz/UALDHMStcwO42youpIWBQVbI92vV5j0+2bMxv/iVqearrLu3/f0XaU6xVIbf3RRtDxOcHxSkw==",
      "dev": true,
      "requires": {
        "editions": "^1.1.1",
        "typechecker": "^4.3.0"
      }
    },
    "commander": {
      "version": "2.20.3",
      "resolved": "https://registry.npmjs.org/commander/-/commander-2.20.3.tgz",
      "integrity": "sha512-GpVkmM8vF2vQUkj2LvZmD35JxeJOLCwJ9cUkugyk2nuhbv3+mJvpLYYt+0+USMxE+oj+ey/lJEnhZw75x/OMcQ==",
      "dev": true
    },
    "eachr": {
      "version": "3.3.0",
      "resolved": "https://registry.npmjs.org/eachr/-/eachr-3.3.0.tgz",
      "integrity": "sha512-yKWuGwOE283CTgbEuvqXXusLH4VBXnY2nZbDkeWev+cpAXY6zCIADSPLdvfkAROc0t8S4l07U1fateCdEDuuvg==",
      "dev": true,
      "requires": {
        "editions": "^2.2.0",
        "typechecker": "^4.9.0"
      },
      "dependencies": {
        "editions": {
          "version": "2.3.1",
          "resolved": "https://registry.npmjs.org/editions/-/editions-2.3.1.tgz",
          "integrity": "sha512-ptGvkwTvGdGfC0hfhKg0MT+TRLRKGtUiWGBInxOm5pz7ssADezahjCUaYuZ8Dr+C05FW0AECIIPt4WBxVINEhA==",
          "dev": true,
          "requires": {
            "errlop": "^2.0.0",
            "semver": "^6.3.0"
          }
        }
      }
    },
    "editions": {
      "version": "1.3.4",
      "resolved": "https://registry.npmjs.org/editions/-/editions-1.3.4.tgz",
      "integrity": "sha512-gzao+mxnYDzIysXKMQi/+M1mjy/rjestjg6OPoYTtI+3Izp23oiGZitsl9lPDPiTGXbcSIk1iJWhliSaglxnUg==",
      "dev": true
    },
    "envfile": {
      "version": "2.3.0",
      "resolved": "https://registry.npmjs.org/envfile/-/envfile-2.3.0.tgz",
      "integrity": "sha512-xcwno0xGhSVhgBfFx9SxwYd6FNfTdq8SMFjrQ4FYsxYUNQMPJTXn7dERrX439F1V4Ukk9x/nL/5GcNZaIVUT7g==",
      "dev": true,
      "requires": {
        "ambi": "^2.4.0",
        "eachr": "^3.1.0",
        "editions": "^1.3.3",
        "typechecker": "^4.0.1"
      }
    },
    "errlop": {
      "version": "2.2.0",
      "resolved": "https://registry.npmjs.org/errlop/-/errlop-2.2.0.tgz",
      "integrity": "sha512-e64Qj9+4aZzjzzFpZC7p5kmm/ccCrbLhAJplhsDXQFs87XTsXwOpH4s1Io2s90Tau/8r2j9f4l/thhDevRjzxw==",
      "dev": true
    },
    "semver": {
      "version": "6.3.0",
      "resolved": "https://registry.npmjs.org/semver/-/semver-6.3.0.tgz",
      "integrity": "sha512-b39TBaTSfV6yBrapU89p5fKekE2m/NwnDocOVruQFS1/veMgdzuPcnOM34M6CwxW8jH/lxEa5rBoDeUwu5HHTw==",
      "dev": true
    },
    "senv": {
      "version": "1.0.2",
      "resolved": "https://registry.npmjs.org/senv/-/senv-1.0.2.tgz",
      "integrity": "sha512-SGEHNMHpXjeuwFsZu04K521uNEEKwX+6JwsNlquhTGqavVKpTzesUJVt9M/fZ3r8YmA18RaNOsE/OBgeWpoP1Q==",
      "dev": true,
      "requires": {
        "commander": "^2.18.0",
        "envfile": "^2.3.0"
      }
    },
    "typechecker": {
      "version": "4.11.0",
      "resolved": "https://registry.npmjs.org/typechecker/-/typechecker-4.11.0.tgz",
      "integrity": "sha512-lz39Mc/d1UBcF/uQFL5P8L+oWdIn/stvkUgHf0tPRW4aEwGGErewNXo2Nb6We2WslWifn00rhcHbbRWRcTGhuw==",
      "dev": true,
      "requires": {
        "editions": "^2.2.0"
      },
      "dependencies": {
        "editions": {
          "version": "2.3.1",
          "resolved": "https://registry.npmjs.org/editions/-/editions-2.3.1.tgz",
          "integrity": "sha512-ptGvkwTvGdGfC0hfhKg0MT+TRLRKGtUiWGBInxOm5pz7ssADezahjCUaYuZ8Dr+C05FW0AECIIPt4WBxVINEhA==",
          "dev": true,
          "requires": {
            "errlop": "^2.0.0",
            "semver": "^6.3.0"
          }
        }
      }
    }
  }
}
